
Microsoft Visual Studio Solution File, Format Version 12.00
# Visual Studio 15
VisualStudioVersion = 15.0.28010.2026
MinimumVisualStudioVersion = 10.0.40219.1
Project("{9A19103F-16F7-4668-BE54-9A1E7A4F7556}") = "App1.Samples.WebApplication", "App1.Samples.WebApplication\App1.Samples.WebApplication.csproj", "{77271D87-4ECD-48A5-9471-B06DE254FCF6}"
EndProject
Project("{D954291E-2A0B-460D-934E-DC6B0785DB48}") = "CommonUtilities.Shared", "CommonUtilities.Shared\CommonUtilities.Shared.shproj", "{7878DF3A-8418-4ACA-B415-300B81AFD792}"
EndProject
Project("{2150E333-8FDC-42A3-9474-1A3956D46DE8}") = "00", "00", "{A5D61396-8417-421D-BC18-B365CA0A757F}"
EndProject
Project("{9A19103F-16F7-4668-BE54-9A1E7A4F7556}") = "CommonUtilities.NET.Core.2.x", "CommonUtilities.NET.Core.2.x\CommonUtilities.NET.Core.2.x.csproj", "{C86A217C-CAFB-4FBD-B708-C9D5E4BA4625}"
EndProject
Project("{FAE04EC0-301F-11D3-BF4B-00C04F79EFBC}") = "00.AuthenticationAuthorizationCenterServer", "AuthenticationAuthorizationCenterServer\AuthenticationAuthorizationCenterServer\00.AuthenticationAuthorizationCenterServer.csproj", "{69996EFA-0C6E-4399-B032-AF92A2ADA920}"
EndProject
Global
	GlobalSection(SharedMSBuildProjectFiles) = preSolution
		CommonUtilities.Shared\CommonUtilities.Shared.projitems*{7878df3a-8418-4aca-b415-300b81afd792}*SharedItemsImports = 13
	EndGlobalSection
	GlobalSection(SolutionConfigurationPlatforms) = preSolution
		Debug|Any CPU = Debug|Any CPU
		Release|Any CPU = Release|Any CPU
	EndGlobalSection
	GlobalSection(ProjectConfigurationPlatforms) = postSolution
		{77271D87-4ECD-48A5-9471-B06DE254FCF6}.Debug|Any CPU.ActiveCfg = Debug|Any CPU
		{77271D87-4ECD-48A5-9471-B06DE254FCF6}.Debug|Any CPU.Build.0 = Debug|Any CPU
		{77271D87-4ECD-48A5-9471-B06DE254FCF6}.Release|Any CPU.ActiveCfg = Release|Any CPU
		{77271D87-4ECD-48A5-9471-B06DE254FCF6}.Release|Any CPU.Build.0 = Release|Any CPU
		{C86A217C-CAFB-4FBD-B708-C9D5E4BA4625}.Debug|Any CPU.ActiveCfg = Debug|Any CPU
		{C86A217C-CAFB-4FBD-B708-C9D5E4BA4625}.Debug|Any CPU.Build.0 = Debug|Any CPU
		{C86A217C-CAFB-4FBD-B708-C9D5E4BA4625}.Release|Any CPU.ActiveCfg = Release|Any CPU
		{C86A217C-CAFB-4FBD-B708-C9D5E4BA4625}.Release|Any CPU.Build.0 = Release|Any CPU
		{69996EFA-0C6E-4399-B032-AF92A2ADA920}.Debug|Any CPU.ActiveCfg = Debug|Any CPU
		{69996EFA-0C6E-4399-B032-AF92A2ADA920}.Debug|Any CPU.Build.0 = Debug|Any CPU
		{69996EFA-0C6E-4399-B032-AF92A2ADA920}.Release|Any CPU.ActiveCfg = Release|Any CPU
		{69996EFA-0C6E-4399-B032-AF92A2ADA920}.Release|Any CPU.Build.0 = Release|Any CPU
	EndGlobalSection
	GlobalSection(SolutionProperties) = preSolution
		HideSolutionNode = FALSE
	EndGlobalSection
	GlobalSection(NestedProjects) = preSolution
		{7878DF3A-8418-4ACA-B415-300B81AFD792} = {A5D61396-8417-421D-BC18-B365CA0A757F}
		{C86A217C-CAFB-4FBD-B708-C9D5E4BA4625} = {A5D61396-8417-421D-BC18-B365CA0A757F}
	EndGlobalSection
	GlobalSection(ExtensibilityGlobals) = postSolution
		SolutionGuid = {87743A93-5FDA-429D-BB68-F41093E53769}
	EndGlobalSection
EndGlobal
